{
  "name": "i18ntk",
  "version": "1.6.3",
  "lockfileVersion": 3,
  "requires": true,
  "packages": {
    "": {
      "name": "i18ntk",
      "version": "1.6.3",
      "license": "MIT",
      "dependencies": {
        "i18ntk": "^1.6.3"
      },
      "bin": {
        "i18ntk": "main/i18ntk-manage.js",
        "i18ntk-analyze": "main/i18ntk-analyze.js",
        "i18ntk-autorun": "main/i18ntk-autorun.js",
        "i18ntk-complete": "main/i18ntk-complete.js",
        "i18ntk-doctor": "main/i18ntk-doctor.js",
        "i18ntk-init": "main/i18ntk-init.js",
        "i18ntk-sizing": "main/i18ntk-sizing.js",
        "i18ntk-summary": "main/i18ntk-summary.js",
        "i18ntk-usage": "main/i18ntk-usage.js",
        "i18ntk-validate": "main/i18ntk-validate.js"
      },
      "engines": {
        "node": ">=16.0.0"
      },
      "funding": {
        "type": "github",
        "url": "https://github.com/sponsors/vladnoskv"
      }
    },
    "node_modules/i18ntk": {
      "version": "1.6.3",
      "resolved": "https://registry.npmjs.org/i18ntk/-/i18ntk-1.6.3.tgz",
      "integrity": "sha512-9kV40cVXjsWfFA3iwlV7zr0xmNi6QPRLqhW0tFWTepai+bUZYO6IEQ7qwiJSzVi9Mlqz5g6hOE9V6R2kn+tW6w==",
      "license": "MIT",
      "bin": {
        "i18ntk": "main/i18ntk-manage.js",
        "i18ntk-analyze": "main/i18ntk-analyze.js",
        "i18ntk-autorun": "main/i18ntk-autorun.js",
        "i18ntk-complete": "main/i18ntk-complete.js",
        "i18ntk-doctor": "main/i18ntk-doctor.js",
        "i18ntk-init": "main/i18ntk-init.js",
        "i18ntk-sizing": "main/i18ntk-sizing.js",
        "i18ntk-summary": "main/i18ntk-summary.js",
        "i18ntk-usage": "main/i18ntk-usage.js",
        "i18ntk-validate": "main/i18ntk-validate.js"
      },
      "engines": {
        "node": ">=16.0.0"
      },
      "funding": {
        "type": "github",
        "url": "https://github.com/sponsors/vladnoskv"
      }
    }
  }
}
