{
  "name": "i18ntk",
  "version": "1.7.4",
  "lockfileVersion": 3,
  "requires": true,
  "packages": {
    "": {
      "name": "i18ntk",
      "version": "1.7.4",
      "license": "MIT",
      "bin": {
        "i18ntk": "main/i18ntk-manage.js",
        "i18ntk-analyze": "main/i18ntk-analyze.js",
        "i18ntk-autorun": "main/i18ntk-autorun.js",
        "i18ntk-complete": "main/i18ntk-complete.js",
        "i18ntk-doctor": "main/i18ntk-doctor.js",
        "i18ntk-fixer": "main/i18ntk-fixer.js",
        "i18ntk-init": "main/i18ntk-init.js",
        "i18ntk-sizing": "main/i18ntk-sizing.js",
        "i18ntk-summary": "main/i18ntk-summary.js",
        "i18ntk-usage": "main/i18ntk-usage.js",
        "i18ntk-validate": "main/i18ntk-validate.js"
      },
      "engines": {
        "node": ">=16.0.0"
      },
      "funding": {
        "type": "github",
        "url": "https://github.com/sponsors/vladnoskv"
      }
    }
  }
}
